// !$*UTF8*$!
{
	archiveVersion = 1;
	classes = {
	};
	objectVersion = 50;
	objects = {

/* Begin PBXBuildFile section */
		D35ED9DE22A0C65900801785 /* MainViewController.m in Sources */ = {isa = PBXBuildFile; fileRef = D35ED9DC22A0C65900801785 /* MainViewController.m */; };
		D35ED9DF22A0C65900801785 /* MainViewController.xib in Resources */ = {isa = PBXBuildFile; fileRef = D35ED9DD22A0C65900801785 /* MainViewController.xib */; };
		D3EA31B322A0C17B00953827 /* AppDelegate.m in Sources */ = {isa = PBXBuildFile; fileRef = D3EA31B222A0C17B00953827 /* AppDelegate.m */; };
		D3EA31B622A0C17B00953827 /* ViewController.m in Sources */ = {isa = PBXBuildFile; fileRef = D3EA31B522A0C17B00953827 /* ViewController.m */; };
		D3EA31B922A0C17B00953827 /* Main.storyboard in Resources */ = {isa = PBXBuildFile; fileRef = D3EA31B722A0C17B00953827 /* Main.storyboard */; };
		D3EA31BB22A0C17D00953827 /* Assets.xcassets in Resources */ = {isa = PBXBuildFile; fileRef = D3EA31BA22A0C17D00953827 /* Assets.xcassets */; };
		D3EA31BE22A0C17D00953827 /* LaunchScreen.storyboard in Resources */ = {isa = PBXBuildFile; fileRef = D3EA31BC22A0C17D00953827 /* LaunchScreen.storyboard */; };
		D3EA31C122A0C17D00953827 /* main.m in Sources */ = {isa = PBXBuildFile; fileRef = D3EA31C022A0C17D00953827 /* main.m */; };
		D3EA31CB22A0C17D00953827 /* timeClockTests.m in Sources */ = {isa = PBXBuildFile; fileRef = D3EA31CA22A0C17D00953827 /* timeClockTests.m */; };
		D3EA31D622A0C17D00953827 /* timeClockUITests.m in Sources */ = {isa = PBXBuildFile; fileRef = D3EA31D522A0C17D00953827 /* timeClockUITests.m */; };
/* End PBXBuildFile section */

/* Begin PBXContainerItemProxy section */
		D3EA31C722A0C17D00953827 /* PBXContainerItemProxy */ = {
			isa = PBXContainerItemProxy;
			containerPortal = D3EA31A622A0C17B00953827 /* Project object */;
			proxyType = 1;
			remoteGlobalIDString = D3EA31AD22A0C17B00953827;
			remoteInfo = timeClock;
		};
		D3EA31D222A0C17D00953827 /* PBXContainerItemProxy */ = {
			isa = PBXContainerItemProxy;
			containerPortal = D3EA31A622A0C17B00953827 /* Project object */;
			proxyType = 1;
			remoteGlobalIDString = D3EA31AD22A0C17B00953827;
			remoteInfo = timeClock;
		};
/* End PBXContainerItemProxy section */

/* Begin PBXFileReference section */
		D35ED9D422A0C25400801785 /* PrefixHeader.pch */ = {isa = PBXFileReference; lastKnownFileType = sourcecode.c.h; path = PrefixHeader.pch; sourceTree = "<group>"; };
		D35ED9D522A0C57E00801785 /* LENPublicHeader.h */ = {isa = PBXFileReference; lastKnownFileType = sourcecode.c.h; path = LENPublicHeader.h; sourceTree = "<group>"; };
		D35ED9DB22A0C65900801785 /* MainViewController.h */ = {isa = PBXFileReference; lastKnownFileType = sourcecode.c.h; path = MainViewController.h; sourceTree = "<group>"; };
		D35ED9DC22A0C65900801785 /* MainViewController.m */ = {isa = PBXFileReference; lastKnownFileType = sourcecode.c.objc; path = MainViewController.m; sourceTree = "<group>"; };
		D35ED9DD22A0C65900801785 /* MainViewController.xib */ = {isa = PBXFileReference; lastKnownFileType = file.xib; path = MainViewController.xib; sourceTree = "<group>"; };
		D3EA31AE22A0C17B00953827 /* timeClock.app */ = {isa = PBXFileReference; explicitFileType = wrapper.application; includeInIndex = 0; path = timeClock.app; sourceTree = BUILT_PRODUCTS_DIR; };
		D3EA31B122A0C17B00953827 /* AppDelegate.h */ = {isa = PBXFileReference; lastKnownFileType = sourcecode.c.h; path = AppDelegate.h; sourceTree = "<group>"; };
		D3EA31B222A0C17B00953827 /* AppDelegate.m */ = {isa = PBXFileReference; lastKnownFileType = sourcecode.c.objc; path = AppDelegate.m; sourceTree = "<group>"; };
		D3EA31B422A0C17B00953827 /* ViewController.h */ = {isa = PBXFileReference; lastKnownFileType = sourcecode.c.h; path = ViewController.h; sourceTree = "<group>"; };
		D3EA31B522A0C17B00953827 /* ViewController.m */ = {isa = PBXFileReference; lastKnownFileType = sourcecode.c.objc; path = ViewController.m; sourceTree = "<group>"; };
		D3EA31B822A0C17B00953827 /* Base */ = {isa = PBXFileReference; lastKnownFileType = file.storyboard; name = Base; path = Base.lproj/Main.storyboard; sourceTree = "<group>"; };
		D3EA31BA22A0C17D00953827 /* Assets.xcassets */ = {isa = PBXFileReference; lastKnownFileType = folder.assetcatalog; path = Assets.xcassets; sourceTree = "<group>"; };
		D3EA31BD22A0C17D00953827 /* Base */ = {isa = PBXFileReference; lastKnownFileType = file.storyboard; name = Base; path = Base.lproj/LaunchScreen.storyboard; sourceTree = "<group>"; };
		D3EA31BF22A0C17D00953827 /* Info.plist */ = {isa = PBXFileReference; lastKnownFileType = text.plist.xml; path = Info.plist; sourceTree = "<group>"; };
		D3EA31C022A0C17D00953827 /* main.m */ = {isa = PBXFileReference; lastKnownFileType = sourcecode.c.objc; path = main.m; sourceTree = "<group>"; };
		D3EA31C622A0C17D00953827 /* timeClockTests.xctest */ = {isa = PBXFileReference; explicitFileType = wrapper.cfbundle; includeInIndex = 0; path = timeClockTests.xctest; sourceTree = BUILT_PRODUCTS_DIR; };
		D3EA31CA22A0C17D00953827 /* timeClockTests.m */ = {isa = PBXFileReference; lastKnownFileType = sourcecode.c.objc; path = timeClockTests.m; sourceTree = "<group>"; };
		D3EA31CC22A0C17D00953827 /* Info.plist */ = {isa = PBXFileReference; lastKnownFileType = text.plist.xml; path = Info.plist; sourceTree = "<group>"; };
		D3EA31D122A0C17D00953827 /* timeClockUITests.xctest */ = {isa = PBXFileReference; explicitFileType = wrapper.cfbundle; includeInIndex = 0; path = timeClockUITests.xctest; sourceTree = BUILT_PRODUCTS_DIR; };
		D3EA31D522A0C17D00953827 /* timeClockUITests.m */ = {isa = PBXFileReference; lastKnownFileType = sourcecode.c.objc; path = timeClockUITests.m; sourceTree = "<group>"; };
		D3EA31D722A0C17D00953827 /* Info.plist */ = {isa = PBXFileReference; lastKnownFileType = text.plist.xml; path = Info.plist; sourceTree = "<group>"; };
/* End PBXFileReference section */

/* Begin PBXFrameworksBuildPhase section */
		D3EA31AB22A0C17B00953827 /* Frameworks */ = {
			isa = PBXFrameworksBuildPhase;
			buildActionMask = 2147483647;
			files = (
			);
			runOnlyForDeploymentPostprocessing = 0;
		};
		D3EA31C322A0C17D00953827 /* Frameworks */ = {
			isa = PBXFrameworksBuildPhase;
			buildActionMask = 2147483647;
			files = (
			);
			runOnlyForDeploymentPostprocessing = 0;
		};
		D3EA31CE22A0C17D00953827 /* Frameworks */ = {
			isa = PBXFrameworksBuildPhase;
			buildActionMask = 2147483647;
			files = (
			);
			runOnlyForDeploymentPostprocessing = 0;
		};
/* End PBXFrameworksBuildPhase section */

/* Begin PBXGroup section */
		D35ED9D322A0C1CD00801785 /* class */ = {
			isa = PBXGroup;
			children = (
				D35ED9DB22A0C65900801785 /* MainViewController.h */,
				D35ED9DC22A0C65900801785 /* MainViewController.m */,
				D35ED9DD22A0C65900801785 /* MainViewController.xib */,
			);
			path = class;
			sourceTree = "<group>";
		};
		D3EA31A522A0C17B00953827 = {
			isa = PBXGroup;
			children = (
				D3EA31B022A0C17B00953827 /* timeClock */,
				D3EA31C922A0C17D00953827 /* timeClockTests */,
				D3EA31D422A0C17D00953827 /* timeClockUITests */,
				D3EA31AF22A0C17B00953827 /* Products */,
			);
			sourceTree = "<group>";
		};
		D3EA31AF22A0C17B00953827 /* Products */ = {
			isa = PBXGroup;
			children = (
				D3EA31AE22A0C17B00953827 /* timeClock.app */,
				D3EA31C622A0C17D00953827 /* timeClockTests.xctest */,
				D3EA31D122A0C17D00953827 /* timeClockUITests.xctest */,
			);
			name = Products;
			sourceTree = "<group>";
		};
		D3EA31B022A0C17B00953827 /* timeClock */ = {
			isa = PBXGroup;
			children = (
				D35ED9D322A0C1CD00801785 /* class */,
				D3EA31B122A0C17B00953827 /* AppDelegate.h */,
				D3EA31B222A0C17B00953827 /* AppDelegate.m */,
				D3EA31B422A0C17B00953827 /* ViewController.h */,
				D3EA31B522A0C17B00953827 /* ViewController.m */,
				D3EA31B722A0C17B00953827 /* Main.storyboard */,
				D3EA31BA22A0C17D00953827 /* Assets.xcassets */,
				D3EA31BC22A0C17D00953827 /* LaunchScreen.storyboard */,
				D3EA31BF22A0C17D00953827 /* Info.plist */,
				D3EA31C022A0C17D00953827 /* main.m */,
				D35ED9D422A0C25400801785 /* PrefixHeader.pch */,
				D35ED9D522A0C57E00801785 /* LENPublicHeader.h */,
			);
			path = timeClock;
			sourceTree = "<group>";
		};
		D3EA31C922A0C17D00953827 /* timeClockTests */ = {
			isa = PBXGroup;
			children = (
				D3EA31CA22A0C17D00953827 /* timeClockTests.m */,
				D3EA31CC22A0C17D00953827 /* Info.plist */,
			);
			path = timeClockTests;
			sourceTree = "<group>";
		};
		D3EA31D422A0C17D00953827 /* timeClockUITests */ = {
			isa = PBXGroup;
			children = (
				D3EA31D522A0C17D00953827 /* timeClockUITests.m */,
				D3EA31D722A0C17D00953827 /* Info.plist */,
			);
			path = timeClockUITests;
			sourceTree = "<group>";
		};
/* End PBXGroup section */

/* Begin PBXNativeTarget section */
		D3EA31AD22A0C17B00953827 /* timeClock */ = {
			isa = PBXNativeTarget;
			buildConfigurationList = D3EA31DA22A0C17D00953827 /* Build configuration list for PBXNativeTarget "timeClock" */;
			buildPhases = (
				D3EA31AA22A0C17B00953827 /* Sources */,
				D3EA31AB22A0C17B00953827 /* Frameworks */,
				D3EA31AC22A0C17B00953827 /* Resources */,
			);
			buildRules = (
			);
			dependencies = (
			);
			name = timeClock;
			productName = timeClock;
			productReference = D3EA31AE22A0C17B00953827 /* timeClock.app */;
			productType = "com.apple.product-type.application";
		};
		D3EA31C522A0C17D00953827 /* timeClockTests */ = {
			isa = PBXNativeTarget;
			buildConfigurationList = D3EA31DD22A0C17D00953827 /* Build configuration list for PBXNativeTarget "timeClockTests" */;
			buildPhases = (
				D3EA31C222A0C17D00953827 /* Sources */,
				D3EA31C322A0C17D00953827 /* Frameworks */,
				D3EA31C422A0C17D00953827 /* Resources */,
			);
			buildRules = (
			);
			dependencies = (
				D3EA31C822A0C17D00953827 /* PBXTargetDependency */,
			);
			name = timeClockTests;
			productName = timeClockTests;
			productReference = D3EA31C622A0C17D00953827 /* timeClockTests.xctest */;
			productType = "com.apple.product-type.bundle.unit-test";
		};
		D3EA31D022A0C17D00953827 /* timeClockUITests */ = {
			isa = PBXNativeTarget;
			buildConfigurationList = D3EA31E022A0C17D00953827 /* Build configuration list for PBXNativeTarget "timeClockUITests" */;
			buildPhases = (
				D3EA31CD22A0C17D00953827 /* Sources */,
				D3EA31CE22A0C17D00953827 /* Frameworks */,
				D3EA31CF22A0C17D00953827 /* Resources */,
			);
			buildRules = (
			);
			dependencies = (
				D3EA31D322A0C17D00953827 /* PBXTargetDependency */,
			);
			name = timeClockUITests;
			productName = timeClockUITests;
			productReference = D3EA31D122A0C17D00953827 /* timeClockUITests.xctest */;
			productType = "com.apple.product-type.bundle.ui-testing";
		};
/* End PBXNativeTarget section */

/* Begin PBXProject section */
		D3EA31A622A0C17B00953827 /* Project object */ = {
			isa = PBXProject;
			attributes = {
				LastUpgradeCheck = 1020;
				ORGANIZATIONNAME = ledon;
				TargetAttributes = {
					D3EA31AD22A0C17B00953827 = {
						CreatedOnToolsVersion = 10.2;
					};
					D3EA31C522A0C17D00953827 = {
						CreatedOnToolsVersion = 10.2;
						TestTargetID = D3EA31AD22A0C17B00953827;
					};
					D3EA31D022A0C17D00953827 = {
						CreatedOnToolsVersion = 10.2;
						TestTargetID = D3EA31AD22A0C17B00953827;
					};
				};
			};
			buildConfigurationList = D3EA31A922A0C17B00953827 /* Build configuration list for PBXProject "timeClock" */;
			compatibilityVersion = "Xcode 9.3";
			developmentRegion = en;
			hasScannedForEncodings = 0;
			knownRegions = (
				en,
				Base,
			);
			mainGroup = D3EA31A522A0C17B00953827;
			productRefGroup = D3EA31AF22A0C17B00953827 /* Products */;
			projectDirPath = "";
			projectRoot = "";
			targets = (
				D3EA31AD22A0C17B00953827 /* timeClock */,
				D3EA31C522A0C17D00953827 /* timeClockTests */,
				D3EA31D022A0C17D00953827 /* timeClockUITests */,
			);
		};
/* End PBXProject section */

/* Begin PBXResourcesBuildPhase section */
		D3EA31AC22A0C17B00953827 /* Resources */ = {
			isa = PBXResourcesBuildPhase;
			buildActionMask = 2147483647;
			files = (
				D3EA31BE22A0C17D00953827 /* LaunchScreen.storyboard in Resources */,
				D3EA31BB22A0C17D00953827 /* Assets.xcassets in Resources */,
				D3EA31B922A0C17B00953827 /* Main.storyboard in Resources */,
				D35ED9DF22A0C65900801785 /* MainViewController.xib in Resources */,
			);
			runOnlyForDeploymentPostprocessing = 0;
		};
		D3EA31C422A0C17D00953827 /* Resources */ = {
			isa = PBXResourcesBuildPhase;
			buildActionMask = 2147483647;
			files = (
			);
			runOnlyForDeploymentPostprocessing = 0;
		};
		D3EA31CF22A0C17D00953827 /* Resources */ = {
			isa = PBXResourcesBuildPhase;
			buildActionMask = 2147483647;
			files = (
			);
			runOnlyForDeploymentPostprocessing = 0;
		};
/* End PBXResourcesBuildPhase section */

/* Begin PBXSourcesBuildPhase section */
		D3EA31AA22A0C17B00953827 /* Sources */ = {
			isa = PBXSourcesBuildPhase;
			buildActionMask = 2147483647;
			files = (
				D3EA31B622A0C17B00953827 /* ViewController.m in Sources */,
				D3EA31C122A0C17D00953827 /* main.m in Sources */,
				D3EA31B322A0C17B00953827 /* AppDelegate.m in Sources */,
				D35ED9DE22A0C65900801785 /* MainViewController.m in Sources */,
			);
			runOnlyForDeploymentPostprocessing = 0;
		};
		D3EA31C222A0C17D00953827 /* Sources */ = {
			isa = PBXSourcesBuildPhase;
			buildActionMask = 2147483647;
			files = (
				D3EA31CB22A0C17D00953827 /* timeClockTests.m in Sources */,
			);
			runOnlyForDeploymentPostprocessing = 0;
		};
		D3EA31CD22A0C17D00953827 /* Sources */ = {
			isa = PBXSourcesBuildPhase;
			buildActionMask = 2147483647;
			files = (
				D3EA31D622A0C17D00953827 /* timeClockUITests.m in Sources */,
			);
			runOnlyForDeploymentPostprocessing = 0;
		};
/* End PBXSourcesBuildPhase section */

/* Begin PBXTargetDependency section */
		D3EA31C822A0C17D00953827 /* PBXTargetDependency */ = {
			isa = PBXTargetDependency;
			target = D3EA31AD22A0C17B00953827 /* timeClock */;
			targetProxy = D3EA31C722A0C17D00953827 /* PBXContainerItemProxy */;
		};
		D3EA31D322A0C17D00953827 /* PBXTargetDependency */ = {
			isa = PBXTargetDependency;
			target = D3EA31AD22A0C17B00953827 /* timeClock */;
			targetProxy = D3EA31D222A0C17D00953827 /* PBXContainerItemProxy */;
		};
/* End PBXTargetDependency section */

/* Begin PBXVariantGroup section */
		D3EA31B722A0C17B00953827 /* Main.storyboard */ = {
			isa = PBXVariantGroup;
			children = (
				D3EA31B822A0C17B00953827 /* Base */,
			);
			name = Main.storyboard;
			sourceTree = "<group>";
		};
		D3EA31BC22A0C17D00953827 /* LaunchScreen.storyboard */ = {
			isa = PBXVariantGroup;
			children = (
				D3EA31BD22A0C17D00953827 /* Base */,
			);
			name = LaunchScreen.storyboard;
			sourceTree = "<group>";
		};
/* End PBXVariantGroup section */

/* Begin XCBuildConfiguration section */
		D3EA31D822A0C17D00953827 /* Debug */ = {
			isa = XCBuildConfiguration;
			buildSettings = {
				ALWAYS_SEARCH_USER_PATHS = NO;
				CLANG_ANALYZER_NONNULL = YES;
				CLANG_ANALYZER_NUMBER_OBJECT_CONVERSION = YES_AGGRESSIVE;
				CLANG_CXX_LANGUAGE_STANDARD = "gnu++14";
				CLANG_CXX_LIBRARY = "libc++";
				CLANG_ENABLE_MODULES = YES;
				CLANG_ENABLE_OBJC_ARC = YES;
				CLANG_ENABLE_OBJC_WEAK = YES;
				CLANG_WARN_BLOCK_CAPTURE_AUTORELEASING = YES;
				CLANG_WARN_BOOL_CONVERSION = YES;
				CLANG_WARN_COMMA = YES;
				CLANG_WARN_CONSTANT_CONVERSION = YES;
				CLANG_WARN_DEPRECATED_OBJC_IMPLEMENTATIONS = YES;
				CLANG_WARN_DIRECT_OBJC_ISA_USAGE = YES_ERROR;
				CLANG_WARN_DOCUMENTATION_COMMENTS = YES;
				CLANG_WARN_EMPTY_BODY = YES;
				CLANG_WARN_ENUM_CONVERSION = YES;
				CLANG_WARN_INFINITE_RECURSION = YES;
				CLANG_WARN_INT_CONVERSION = YES;
				CLANG_WARN_NON_LITERAL_NULL_CONVERSION = YES;
				CLANG_WARN_OBJC_IMPLICIT_RETAIN_SELF = YES;
				CLANG_WARN_OBJC_LITERAL_CONVERSION = YES;
				CLANG_WARN_OBJC_ROOT_CLASS = YES_ERROR;
				CLANG_WARN_RANGE_LOOP_ANALYSIS = YES;
				CLANG_WARN_STRICT_PROTOTYPES = YES;
				CLANG_WARN_SUSPICIOUS_MOVE = YES;
				CLANG_WARN_UNGUARDED_AVAILABILITY = YES_AGGRESSIVE;
				CLANG_WARN_UNREACHABLE_CODE = YES;
				CLANG_WARN__DUPLICATE_METHOD_MATCH = YES;
				CODE_SIGN_IDENTITY = "iPhone Developer";
				COPY_PHASE_STRIP = NO;
				DEBUG_INFORMATION_FORMAT = dwarf;
				ENABLE_STRICT_OBJC_MSGSEND = YES;
				ENABLE_TESTABILITY = YES;
				GCC_C_LANGUAGE_STANDARD = gnu11;
				GCC_DYNAMIC_NO_PIC = NO;
				GCC_NO_COMMON_BLOCKS = YES;
				GCC_OPTIMIZATION_LEVEL = 0;
				GCC_PREPROCESSOR_DEFINITIONS = (
					"DEBUG=1",
					"$(inherited)",
				);
				GCC_WARN_64_TO_32_BIT_CONVERSION = YES;
				GCC_WARN_ABOUT_RETURN_TYPE = YES_ERROR;
				GCC_WARN_UNDECLARED_SELECTOR = YES;
				GCC_WARN_UNINITIALIZED_AUTOS = YES_AGGRESSIVE;
				GCC_WARN_UNUSED_FUNCTION = YES;
				GCC_WARN_UNUSED_VARIABLE = YES;
				IPHONEOS_DEPLOYMENT_TARGET = 12.2;
				MTL_ENABLE_DEBUG_INFO = INCLUDE_SOURCE;
				MTL_FAST_MATH = YES;
				ONLY_ACTIVE_ARCH = YES;
				SDKROOT = iphoneos;
			};
			name = Debug;
		};
		D3EA31D922A0C17D00953827 /* Release */ = {
			isa = XCBuildConfiguration;
			buildSettings = {
				ALWAYS_SEARCH_USER_PATHS = NO;
				CLANG_ANALYZER_NONNULL = YES;
				CLANG_ANALYZER_NUMBER_OBJECT_CONVERSION = YES_AGGRESSIVE;
				CLANG_CXX_LANGUAGE_STANDARD = "gnu++14";
				CLANG_CXX_LIBRARY = "libc++";
				CLANG_ENABLE_MODULES = YES;
				CLANG_ENABLE_OBJC_ARC = YES;
				CLANG_ENABLE_OBJC_WEAK = YES;
				CLANG_WARN_BLOCK_CAPTURE_AUTORELEASING = YES;
				CLANG_WARN_BOOL_CONVERSION = YES;
				CLANG_WARN_COMMA = YES;
				CLANG_WARN_CONSTANT_CONVERSION = YES;
				CLANG_WARN_DEPRECATED_OBJC_IMPLEMENTATIONS = YES;
				CLANG_WARN_DIRECT_OBJC_ISA_USAGE = YES_ERROR;
				CLANG_WARN_DOCUMENTATION_COMMENTS = YES;
				CLANG_WARN_EMPTY_BODY = YES;
				CLANG_WARN_ENUM_CONVERSION = YES;
				CLANG_WARN_INFINITE_RECURSION = YES;
				CLANG_WARN_INT_CONVERSION = YES;
				CLANG_WARN_NON_LITERAL_NULL_CONVERSION = YES;
				CLANG_WARN_OBJC_IMPLICIT_RETAIN_SELF = YES;
				CLANG_WARN_OBJC_LITERAL_CONVERSION = YES;
				CLANG_WARN_OBJC_ROOT_CLASS = YES_ERROR;
				CLANG_WARN_RANGE_LOOP_ANALYSIS = YES;
				CLANG_WARN_STRICT_PROTOTYPES = YES;
				CLANG_WARN_SUSPICIOUS_MOVE = YES;
				CLANG_WARN_UNGUARDED_AVAILABILITY = YES_AGGRESSIVE;
				CLANG_WARN_UNREACHABLE_CODE = YES;
				CLANG_WARN__DUPLICATE_METHOD_MATCH = YES;
				CODE_SIGN_IDENTITY = "iPhone Developer";
				COPY_PHASE_STRIP = NO;
				DEBUG_INFORMATION_FORMAT = "dwarf-with-dsym";
				ENABLE_NS_ASSERTIONS = NO;
				ENABLE_STRICT_OBJC_MSGSEND = YES;
				GCC_C_LANGUAGE_STANDARD = gnu11;
				GCC_NO_COMMON_BLOCKS = YES;
				GCC_WARN_64_TO_32_BIT_CONVERSION = YES;
				GCC_WARN_ABOUT_RETURN_TYPE = YES_ERROR;
				GCC_WARN_UNDECLARED_SELECTOR = YES;
				GCC_WARN_UNINITIALIZED_AUTOS = YES_AGGRESSIVE;
				GCC_WARN_UNUSED_FUNCTION = YES;
				GCC_WARN_UNUSED_VARIABLE = YES;
				IPHONEOS_DEPLOYMENT_TARGET = 12.2;
				MTL_ENABLE_DEBUG_INFO = NO;
				MTL_FAST_MATH = YES;
				SDKROOT = iphoneos;
				VALIDATE_PRODUCT = YES;
			};
			name = Release;
		};
		D3EA31DB22A0C17D00953827 /* Debug */ = {
			isa = XCBuildConfiguration;
			buildSettings = {
				ASSETCATALOG_COMPILER_APPICON_NAME = AppIcon;
				CODE_SIGN_IDENTITY = "iPhone Developer";
				CODE_SIGN_STYLE = Automatic;
				DEVELOPMENT_TEAM = DF2WD834FA;
				GCC_PREFIX_HEADER = "$(SRCROOT)/timeClock/PrefixHeader.pch";
				INFOPLIST_FILE = timeClock/Info.plist;
				IPHONEOS_DEPLOYMENT_TARGET = 10.0;
				LD_RUNPATH_SEARCH_PATHS = (
					"$(inherited)",
					"@executable_path/Frameworks",
				);
				PRODUCT_BUNDLE_IDENTIFIER = com.ledon.richard.timeClock;
				PRODUCT_NAME = "$(TARGET_NAME)";
				PROVISIONING_PROFILE_SPECIFIER = "";
				TARGETED_DEVICE_FAMILY = "1,2";
			};
			name = Debug;
		};
		D3EA31DC22A0C17D00953827 /* Release */ = {
			isa = XCBuildConfiguration;
			buildSettings = {
				ASSETCATALOG_COMPILER_APPICON_NAME = AppIcon;
				CODE_SIGN_IDENTITY = "iPhone Developer";
				CODE_SIGN_STYLE = Automatic;
				DEVELOPMENT_TEAM = DF2WD834FA;
				GCC_PREFIX_HEADER = "$(SRCROOT)/timeClock/PrefixHeader.pch";
				INFOPLIST_FILE = timeClock/Info.plist;
				IPHONEOS_DEPLOYMENT_TARGET = 10.0;
				LD_RUNPATH_SEARCH_PATHS = (
					"$(inherited)",
					"@executable_path/Frameworks",
				);
				PRODUCT_BUNDLE_IDENTIFIER = com.ledon.richard.timeClock;
				PRODUCT_NAME = "$(TARGET_NAME)";
				PROVISIONING_PROFILE_SPECIFIER = "";
				TARGETED_DEVICE_FAMILY = "1,2";
			};
			name = Release;
		};
		D3EA31DE22A0C17D00953827 /* Debug */ = {
			isa = XCBuildConfiguration;
			buildSettings = {
				BUNDLE_LOADER = "$(TEST_HOST)";
				CODE_SIGN_STYLE = Automatic;
				DEVELOPMENT_TEAM = FBPYVNBPCC;
				INFOPLIST_FILE = timeClockTests/Info.plist;
				LD_RUNPATH_SEARCH_PATHS = (
					"$(inherited)",
					"@executable_path/Frameworks",
					"@loader_path/Frameworks",
				);
				PRODUCT_BUNDLE_IDENTIFIER = com.ledon.richard.timeClockTests;
				PRODUCT_NAME = "$(TARGET_NAME)";
				TARGETED_DEVICE_FAMILY = "1,2";
				TEST_HOST = "$(BUILT_PRODUCTS_DIR)/timeClock.app/timeClock";
			};
			name = Debug;
		};
		D3EA31DF22A0C17D00953827 /* Release */ = {
			isa = XCBuildConfiguration;
			buildSettings = {
				BUNDLE_LOADER = "$(TEST_HOST)";
				CODE_SIGN_STYLE = Automatic;
				DEVELOPMENT_TEAM = FBPYVNBPCC;
				INFOPLIST_FILE = timeClockTests/Info.plist;
				LD_RUNPATH_SEARCH_PATHS = (
					"$(inherited)",
					"@executable_path/Frameworks",
					"@loader_path/Frameworks",
				);
				PRODUCT_BUNDLE_IDENTIFIER = com.ledon.richard.timeClockTests;
				PRODUCT_NAME = "$(TARGET_NAME)";
				TARGETED_DEVICE_FAMILY = "1,2";
				TEST_HOST = "$(BUILT_PRODUCTS_DIR)/timeClock.app/timeClock";
			};
			name = Release;
		};
		D3EA31E122A0C17D00953827 /* Debug */ = {
			isa = XCBuildConfiguration;
			buildSettings = {
				CODE_SIGN_STYLE = Automatic;
				DEVELOPMENT_TEAM = FBPYVNBPCC;
				INFOPLIST_FILE = timeClockUITests/Info.plist;
				LD_RUNPATH_SEARCH_PATHS = (
					"$(inherited)",
					"@executable_path/Frameworks",
					"@loader_path/Frameworks",
				);
				PRODUCT_BUNDLE_IDENTIFIER = com.ledon.richard.timeClockUITests;
				PRODUCT_NAME = "$(TARGET_NAME)";
				TARGETED_DEVICE_FAMILY = "1,2";
				TEST_TARGET_NAME = timeClock;
			};
			name = Debug;
		};
		D3EA31E222A0C17D00953827 /* Release */ = {
			isa = XCBuildConfiguration;
			buildSettings = {
				CODE_SIGN_STYLE = Automatic;
				DEVELOPMENT_TEAM = FBPYVNBPCC;
				INFOPLIST_FILE = timeClockUITests/Info.plist;
				LD_RUNPATH_SEARCH_PATHS = (
					"$(inherited)",
					"@executable_path/Frameworks",
					"@loader_path/Frameworks",
				);
				PRODUCT_BUNDLE_IDENTIFIER = com.ledon.richard.timeClockUITests;
				PRODUCT_NAME = "$(TARGET_NAME)";
				TARGETED_DEVICE_FAMILY = "1,2";
				TEST_TARGET_NAME = timeClock;
			};
			name = Release;
		};
/* End XCBuildConfiguration section */

/* Begin XCConfigurationList section */
		D3EA31A922A0C17B00953827 /* Build configuration list for PBXProject "timeClock" */ = {
			isa = XCConfigurationList;
			buildConfigurations = (
				D3EA31D822A0C17D00953827 /* Debug */,
				D3EA31D922A0C17D00953827 /* Release */,
			);
			defaultConfigurationIsVisible = 0;
			defaultConfigurationName = Release;
		};
		D3EA31DA22A0C17D00953827 /* Build configuration list for PBXNativeTarget "timeClock" */ = {
			isa = XCConfigurationList;
			buildConfigurations = (
				D3EA31DB22A0C17D00953827 /* Debug */,
				D3EA31DC22A0C17D00953827 /* Release */,
			);
			defaultConfigurationIsVisible = 0;
			defaultConfigurationName = Release;
		};
		D3EA31DD22A0C17D00953827 /* Build configuration list for PBXNativeTarget "timeClockTests" */ = {
			isa = XCConfigurationList;
			buildConfigurations = (
				D3EA31DE22A0C17D00953827 /* Debug */,
				D3EA31DF22A0C17D00953827 /* Release */,
			);
			defaultConfigurationIsVisible = 0;
			defaultConfigurationName = Release;
		};
		D3EA31E022A0C17D00953827 /* Build configuration list for PBXNativeTarget "timeClockUITests" */ = {
			isa = XCConfigurationList;
			buildConfigurations = (
				D3EA31E122A0C17D00953827 /* Debug */,
				D3EA31E222A0C17D00953827 /* Release */,
			);
			defaultConfigurationIsVisible = 0;
			defaultConfigurationName = Release;
		};
/* End XCConfigurationList section */
	};
	rootObject = D3EA31A622A0C17B00953827 /* Project object */;
}
